
Microsoft Visual Studio Solution File, Format Version 12.00
# Visual Studio Version 17
VisualStudioVersion = 17.5.002.0
MinimumVisualStudioVersion = 10.0.40219.1
Project("{9A19103F-16F7-4668-BE54-9A1E7A4F7556}") = "RoleBasedAuthorization", "RoleBasedAuthorization.csproj", "{7C227A36-F958-4517-AD38-2B5DC5BD9B0A}"
EndProject
Global
	GlobalSection(SolutionConfigurationPlatforms) = preSolution
		Debug|Any CPU = Debug|Any CPU
		Release|Any CPU = Release|Any CPU
	EndGlobalSection
	GlobalSection(ProjectConfigurationPlatforms) = postSolution
		{7C227A36-F958-4517-AD38-2B5DC5BD9B0A}.Debug|Any CPU.ActiveCfg = Debug|Any CPU
		{7C227A36-F958-4517-AD38-2B5DC5BD9B0A}.Debug|Any CPU.Build.0 = Debug|Any CPU
		{7C227A36-F958-4517-AD38-2B5DC5BD9B0A}.Release|Any CPU.ActiveCfg = Release|Any CPU
		{7C227A36-F958-4517-AD38-2B5DC5BD9B0A}.Release|Any CPU.Build.0 = Release|Any CPU
	EndGlobalSection
	GlobalSection(SolutionProperties) = preSolution
		HideSolutionNode = FALSE
	EndGlobalSection
	GlobalSection(ExtensibilityGlobals) = postSolution
		SolutionGuid = {C4EEB8F3-BF5C-401A-B079-7F7A05BBD799}
	EndGlobalSection
EndGlobal
